
Microsoft Visual Studio Solution File, Format Version 12.00
# Visual Studio Version 17
VisualStudioVersion = 17.8.34330.188
MinimumVisualStudioVersion = 10.0.40219.1
Project("{9A19103F-16F7-4668-BE54-9A1E7A4F7556}") = "Server.Http", "Server.Core\Server.Http.csproj", "{266CCF09-E499-47D5-89C1-9E876DED42C2}"
EndProject
Project("{9A19103F-16F7-4668-BE54-9A1E7A4F7556}") = "HttpServer.UnitTests", "HttpServer.UnitTests\HttpServer.UnitTests.csproj", "{DC1057BB-057A-49EB-A030-D1A4020CAF95}"
EndProject
Project("{FAE04EC0-301F-11D3-BF4B-00C04F79EFBC}") = "Server.SimpleFileTransfer", "Server.SimpleFileTransfer\Server.SimpleFileTransfer.csproj", "{FC50AB90-80D3-49B6-A3B6-06CF89802B7B}"
EndProject
Global
	GlobalSection(SolutionConfigurationPlatforms) = preSolution
		Debug|Any CPU = Debug|Any CPU
		Release|Any CPU = Release|Any CPU
	EndGlobalSection
	GlobalSection(ProjectConfigurationPlatforms) = postSolution
		{266CCF09-E499-47D5-89C1-9E876DED42C2}.Debug|Any CPU.ActiveCfg = Debug|Any CPU
		{266CCF09-E499-47D5-89C1-9E876DED42C2}.Debug|Any CPU.Build.0 = Debug|Any CPU
		{266CCF09-E499-47D5-89C1-9E876DED42C2}.Release|Any CPU.ActiveCfg = Release|Any CPU
		{266CCF09-E499-47D5-89C1-9E876DED42C2}.Release|Any CPU.Build.0 = Release|Any CPU
		{DC1057BB-057A-49EB-A030-D1A4020CAF95}.Debug|Any CPU.ActiveCfg = Debug|Any CPU
		{DC1057BB-057A-49EB-A030-D1A4020CAF95}.Debug|Any CPU.Build.0 = Debug|Any CPU
		{DC1057BB-057A-49EB-A030-D1A4020CAF95}.Release|Any CPU.ActiveCfg = Release|Any CPU
		{DC1057BB-057A-49EB-A030-D1A4020CAF95}.Release|Any CPU.Build.0 = Release|Any CPU
		{FC50AB90-80D3-49B6-A3B6-06CF89802B7B}.Debug|Any CPU.ActiveCfg = Debug|Any CPU
		{FC50AB90-80D3-49B6-A3B6-06CF89802B7B}.Debug|Any CPU.Build.0 = Debug|Any CPU
		{FC50AB90-80D3-49B6-A3B6-06CF89802B7B}.Release|Any CPU.ActiveCfg = Release|Any CPU
		{FC50AB90-80D3-49B6-A3B6-06CF89802B7B}.Release|Any CPU.Build.0 = Release|Any CPU
	EndGlobalSection
	GlobalSection(SolutionProperties) = preSolution
		HideSolutionNode = FALSE
	EndGlobalSection
	GlobalSection(ExtensibilityGlobals) = postSolution
		SolutionGuid = {2B3925B5-42D8-4566-BA1D-28744FCA3932}
	EndGlobalSection
EndGlobal
